// !$*UTF8*$!
{
	archiveVersion = 1;
	classes = {
	};
	objectVersion = 48;
	objects = {

/* Begin PBXBuildFile section */
		0612BC721F7BA2C200A86183 /* CloudKit.framework in Frameworks */ = {isa = PBXBuildFile; fileRef = 0612BC711F7BA2C200A86183 /* CloudKit.framework */; };
		0612BC741F7BB5E300A86183 /* WatchConnectivity.framework in Frameworks */ = {isa = PBXBuildFile; fileRef = 0612BC731F7BB5E200A86183 /* WatchConnectivity.framework */; };
		0612BC761F7BB5F400A86183 /* WatchConnectivity.framework in Frameworks */ = {isa = PBXBuildFile; fileRef = 0612BC751F7BB5F400A86183 /* WatchConnectivity.framework */; };
		06307DAB1FA04C92003FDABA /* TitleImageTableViewCell.swift in Sources */ = {isa = PBXBuildFile; fileRef = 06307DA91FA04C92003FDABA /* TitleImageTableViewCell.swift */; };
		06307DAC1FA04C92003FDABA /* TitleImageTableViewCell.xib in Resources */ = {isa = PBXBuildFile; fileRef = 06307DAA1FA04C92003FDABA /* TitleImageTableViewCell.xib */; };
		06317EDA1F9AE50200BB96F9 /* SettingViewController.swift in Sources */ = {isa = PBXBuildFile; fileRef = 06317ED91F9AE50200BB96F9 /* SettingViewController.swift */; };
		063300761FA07D03008FC800 /* TitleImage.swift in Sources */ = {isa = PBXBuildFile; fileRef = 063300751FA07D03008FC800 /* TitleImage.swift */; };
		063300771FA07D03008FC800 /* TitleImage.swift in Sources */ = {isa = PBXBuildFile; fileRef = 063300751FA07D03008FC800 /* TitleImage.swift */; };
		063E53691FE0FBD5001FCA6C /* RealmSwift.framework in Frameworks */ = {isa = PBXBuildFile; fileRef = 063E53631FE0FBD5001FCA6C /* RealmSwift.framework */; };
		063E536A1FE0FBD5001FCA6C /* Eureka.framework in Frameworks */ = {isa = PBXBuildFile; fileRef = 063E53641FE0FBD5001FCA6C /* Eureka.framework */; };
		063E536B1FE0FBD5001FCA6C /* Charts.framework in Frameworks */ = {isa = PBXBuildFile; fileRef = 063E53651FE0FBD5001FCA6C /* Charts.framework */; };
		063E536C1FE0FBD5001FCA6C /* CSV.framework in Frameworks */ = {isa = PBXBuildFile; fileRef = 063E53661FE0FBD5001FCA6C /* CSV.framework */; };
		063E536D1FE0FBD5001FCA6C /* SVProgressHUD.framework in Frameworks */ = {isa = PBXBuildFile; fileRef = 063E53671FE0FBD5001FCA6C /* SVProgressHUD.framework */; };
		063E536E1FE0FBD5001FCA6C /* Realm.framework in Frameworks */ = {isa = PBXBuildFile; fileRef = 063E53681FE0FBD5001FCA6C /* Realm.framework */; };
		063E53711FE0FBF1001FCA6C /* Realm.framework in Frameworks */ = {isa = PBXBuildFile; fileRef = 063E536F1FE0FBF1001FCA6C /* Realm.framework */; };
		063E53721FE0FBF1001FCA6C /* RealmSwift.framework in Frameworks */ = {isa = PBXBuildFile; fileRef = 063E53701FE0FBF1001FCA6C /* RealmSwift.framework */; };
		063E53731FE0FE7F001FCA6C /* Realm.framework in Frameworks */ = {isa = PBXBuildFile; fileRef = 063E536F1FE0FBF1001FCA6C /* Realm.framework */; };
		063E53741FE0FE83001FCA6C /* RealmSwift.framework in Frameworks */ = {isa = PBXBuildFile; fileRef = 063E53701FE0FBF1001FCA6C /* RealmSwift.framework */; };
		0651DCBB204FDDD300D52DE5 /* GeoUtils.swift in Sources */ = {isa = PBXBuildFile; fileRef = 06C488AC1F94A4B9007C0C45 /* GeoUtils.swift */; };
		0651DCBD2051032C00D52DE5 /* Date+Ext.swift in Sources */ = {isa = PBXBuildFile; fileRef = 0651DCBC2051032C00D52DE5 /* Date+Ext.swift */; };
		0651DCBF2051063B00D52DE5 /* ArrayUtils.swift in Sources */ = {isa = PBXBuildFile; fileRef = 0651DCBE2051063B00D52DE5 /* ArrayUtils.swift */; };
		0654BFEA1F9E02D800F828A1 /* AlertViewUtils.swift in Sources */ = {isa = PBXBuildFile; fileRef = 0654BFE91F9E02D800F828A1 /* AlertViewUtils.swift */; };
		0654BFED1F9EEE0100F828A1 /* SessionDetailViewController.swift in Sources */ = {isa = PBXBuildFile; fileRef = 0654BFEC1F9EEE0100F828A1 /* SessionDetailViewController.swift */; };
		066F1A921F8B85FC0006C958 /* Location.swift in Sources */ = {isa = PBXBuildFile; fileRef = 066F1A911F8B85FC0006C958 /* Location.swift */; };
		066F1A9F1F8D8EA20006C958 /* WaveMapViewController.swift in Sources */ = {isa = PBXBuildFile; fileRef = 066F1A9E1F8D8EA20006C958 /* WaveMapViewController.swift */; };
		066F1AA11F8D97980006C958 /* MapKit.framework in Frameworks */ = {isa = PBXBuildFile; fileRef = 066F1AA01F8D97970006C958 /* MapKit.framework */; };
		066F1AA31F8DBEFC0006C958 /* SurfBoard.swift in Sources */ = {isa = PBXBuildFile; fileRef = 066F1AA21F8DBEFC0006C958 /* SurfBoard.swift */; };
		068911A91FA0953100C33F97 /* SessionTotalResultView.swift in Sources */ = {isa = PBXBuildFile; fileRef = 068911A71FA0953100C33F97 /* SessionTotalResultView.swift */; };
		068911AA1FA0953100C33F97 /* SessionTotalResultView.xib in Resources */ = {isa = PBXBuildFile; fileRef = 068911A81FA0953100C33F97 /* SessionTotalResultView.xib */; };
		068AA3A11F908ED300B2B568 /* WaveResultView.xib in Resources */ = {isa = PBXBuildFile; fileRef = 068AA3A01F908ED300B2B568 /* WaveResultView.xib */; };
		068AA3A31F909A1F00B2B568 /* WaveResultView.swift in Sources */ = {isa = PBXBuildFile; fileRef = 068AA3A21F909A1F00B2B568 /* WaveResultView.swift */; };
		06A3BB7D1F7A38CC000A7834 /* AppDelegate.swift in Sources */ = {isa = PBXBuildFile; fileRef = 06A3BB7C1F7A38CC000A7834 /* AppDelegate.swift */; };
		06A3BB7F1F7A38CC000A7834 /* ViewController.swift in Sources */ = {isa = PBXBuildFile; fileRef = 06A3BB7E1F7A38CC000A7834 /* ViewController.swift */; };
		06A3BB821F7A38CC000A7834 /* Main.storyboard in Resources */ = {isa = PBXBuildFile; fileRef = 06A3BB801F7A38CC000A7834 /* Main.storyboard */; };
		06A3BB841F7A38CC000A7834 /* Assets.xcassets in Resources */ = {isa = PBXBuildFile; fileRef = 06A3BB831F7A38CC000A7834 /* Assets.xcassets */; };
		06A3BB871F7A38CC000A7834 /* LaunchScreen.storyboard in Resources */ = {isa = PBXBuildFile; fileRef = 06A3BB851F7A38CC000A7834 /* LaunchScreen.storyboard */; };
		06A3BB921F7A38CD000A7834 /* SurfingGoTests.swift in Sources */ = {isa = PBXBuildFile; fileRef = 06A3BB911F7A38CD000A7834 /* SurfingGoTests.swift */; };
		06A3BB9D1F7A38CD000A7834 /* SurfingGoUITests.swift in Sources */ = {isa = PBXBuildFile; fileRef = 06A3BB9C1F7A38CD000A7834 /* SurfingGoUITests.swift */; };
		06A3BBB01F7A3914000A7834 /* Interface.storyboard in Resources */ = {isa = PBXBuildFile; fileRef = 06A3BBAE1F7A3914000A7834 /* Interface.storyboard */; };
		06A3BBB21F7A3914000A7834 /* Assets.xcassets in Resources */ = {isa = PBXBuildFile; fileRef = 06A3BBB11F7A3914000A7834 /* Assets.xcassets */; };
		06A3BBB91F7A3915000A7834 /* SurfingGoWatchApp Extension.appex in Embed App Extensions */ = {isa = PBXBuildFile; fileRef = 06A3BBB81F7A3915000A7834 /* SurfingGoWatchApp Extension.appex */; settings = {ATTRIBUTES = (RemoveHeadersOnCopy, ); }; };
		06A3BBBE1F7A3915000A7834 /* InterfaceController.swift in Sources */ = {isa = PBXBuildFile; fileRef = 06A3BBBD1F7A3915000A7834 /* InterfaceController.swift */; };
		06A3BBC01F7A3915000A7834 /* ExtensionDelegate.swift in Sources */ = {isa = PBXBuildFile; fileRef = 06A3BBBF1F7A3915000A7834 /* ExtensionDelegate.swift */; };
		06A3BBC21F7A3915000A7834 /* NotificationController.swift in Sources */ = {isa = PBXBuildFile; fileRef = 06A3BBC11F7A3915000A7834 /* NotificationController.swift */; };
		06A3BBC41F7A3915000A7834 /* Assets.xcassets in Resources */ = {isa = PBXBuildFile; fileRef = 06A3BBC31F7A3915000A7834 /* Assets.xcassets */; };
		06A3BBC91F7A3915000A7834 /* SurfingGoWatchApp.app in Embed Watch Content */ = {isa = PBXBuildFile; fileRef = 06A3BBAC1F7A3914000A7834 /* SurfingGoWatchApp.app */; };
		06A3BBD51F7A395C000A7834 /* HealthKit.framework in Frameworks */ = {isa = PBXBuildFile; fileRef = 06A3BBD41F7A395C000A7834 /* HealthKit.framework */; };
		06A3BBD71F7A3A03000A7834 /* TimeInterfaceController.swift in Sources */ = {isa = PBXBuildFile; fileRef = 06A3BBD61F7A3A03000A7834 /* TimeInterfaceController.swift */; };
		06B44EB91F87AE5F00D2F5CB /* CoreLocation.framework in Frameworks */ = {isa = PBXBuildFile; fileRef = 06B44EB81F87AE5F00D2F5CB /* CoreLocation.framework */; };
		06B44EBB1F886A2200D2F5CB /* WaveSession.swift in Sources */ = {isa = PBXBuildFile; fileRef = 06B44EBA1F886A2200D2F5CB /* WaveSession.swift */; };
		06B44EBE1F888D7D00D2F5CB /* Wave.swift in Sources */ = {isa = PBXBuildFile; fileRef = 06B44EBD1F888D7D00D2F5CB /* Wave.swift */; };
		06B44EFD1F8B688500D2F5CB /* SessionTableViewController..swift in Sources */ = {isa = PBXBuildFile; fileRef = 06B44EFC1F8B688500D2F5CB /* SessionTableViewController..swift */; };
		06B5EB9F1F7A70400028289C /* HealthKit.framework in Frameworks */ = {isa = PBXBuildFile; fileRef = 06B5EB9E1F7A70400028289C /* HealthKit.framework */; };
		06B5EBA21F7B399F0028289C /* CoreLocation.framework in Frameworks */ = {isa = PBXBuildFile; fileRef = 06B5EBA11F7B399F0028289C /* CoreLocation.framework */; };
		06B5EBA41F7B3B2C0028289C /* LocationManager.swift in Sources */ = {isa = PBXBuildFile; fileRef = 06B5EBA31F7B3B2C0028289C /* LocationManager.swift */; };
		06B5EBA61F7B3DF80028289C /* MapInterfaceController.swift in Sources */ = {isa = PBXBuildFile; fileRef = 06B5EBA51F7B3DF80028289C /* MapInterfaceController.swift */; };
		06B5EBA81F7B4F160028289C /* DispatchMain.swift in Sources */ = {isa = PBXBuildFile; fileRef = 06B5EBA71F7B4F160028289C /* DispatchMain.swift */; };
		06B5EBAA1F7B6EBA0028289C /* CloudKit.framework in Frameworks */ = {isa = PBXBuildFile; fileRef = 06B5EBA91F7B6EBA0028289C /* CloudKit.framework */; };
		06BB81F11FA568BA00991CEA /* WaveMapView.swift in Sources */ = {isa = PBXBuildFile; fileRef = 06BB81F01FA568BA00991CEA /* WaveMapView.swift */; };
		06C488AA1F949980007C0C45 /* SurfPoint.swift in Sources */ = {isa = PBXBuildFile; fileRef = 06C488A91F949980007C0C45 /* SurfPoint.swift */; };
		06C488AD1F94A4B9007C0C45 /* GeoUtils.swift in Sources */ = {isa = PBXBuildFile; fileRef = 06C488AC1F94A4B9007C0C45 /* GeoUtils.swift */; };
		06C488B11F94C789007C0C45 /* SurfPointSettingViewController.swift in Sources */ = {isa = PBXBuildFile; fileRef = 06C488B01F94C789007C0C45 /* SurfPointSettingViewController.swift */; };
		06C4EBFF1F7DF93400524216 /* DateUtiles .swift in Sources */ = {isa = PBXBuildFile; fileRef = 06C4EBFE1F7DF93400524216 /* DateUtiles .swift */; };
		06C4EC001F7E2D4500524216 /* DateUtiles .swift in Sources */ = {isa = PBXBuildFile; fileRef = 06C4EBFE1F7DF93400524216 /* DateUtiles .swift */; };
		06C4EC021F7FBB6C00524216 /* CoreMotion.framework in Frameworks */ = {isa = PBXBuildFile; fileRef = 06C4EC011F7FBB6B00524216 /* CoreMotion.framework */; };
		06CC6FBD1F95B05700FA66C9 /* StopInterfaceController.swift in Sources */ = {isa = PBXBuildFile; fileRef = 06CC6FBC1F95B05700FA66C9 /* StopInterfaceController.swift */; };
		06CC6FC01F95BADB00FA66C9 /* SettingInterfaceController.swift in Sources */ = {isa = PBXBuildFile; fileRef = 06CC6FBF1F95BADB00FA66C9 /* SettingInterfaceController.swift */; };
		06CC6FC21F95BB2300FA66C9 /* RootInterfaceController.swift in Sources */ = {isa = PBXBuildFile; fileRef = 06CC6FC11F95BB2300FA66C9 /* RootInterfaceController.swift */; };
		06CC6FC51F95CA0900FA66C9 /* SessionInterfaceParam.swift in Sources */ = {isa = PBXBuildFile; fileRef = 06CC6FC41F95CA0900FA66C9 /* SessionInterfaceParam.swift */; };
		06CC6FC81F95F53700FA66C9 /* HealthStoreManager.swift in Sources */ = {isa = PBXBuildFile; fileRef = 06CC6FC71F95F53700FA66C9 /* HealthStoreManager.swift */; };
		06D241571FB5421100EAFC25 /* UIViewControllerExtension.swift in Sources */ = {isa = PBXBuildFile; fileRef = 06D241561FB5421100EAFC25 /* UIViewControllerExtension.swift */; };
		06D241591FB55AC100EAFC25 /* SessionSectionHeaderView.xib in Resources */ = {isa = PBXBuildFile; fileRef = 06D241581FB55AC100EAFC25 /* SessionSectionHeaderView.xib */; };
		06D2415B1FB55C1E00EAFC25 /* SessionSectionHeaderView.swift in Sources */ = {isa = PBXBuildFile; fileRef = 06D2415A1FB55C1E00EAFC25 /* SessionSectionHeaderView.swift */; };
		06D4E4951F91AC5F0060876A /* MKPolyline+Ext.swift in Sources */ = {isa = PBXBuildFile; fileRef = 06D4E4941F91AC5F0060876A /* MKPolyline+Ext.swift */; };
		06D4E4971F91AE420060876A /* RidingPolyline.swift in Sources */ = {isa = PBXBuildFile; fileRef = 06D4E4961F91AE420060876A /* RidingPolyline.swift */; };
		06D4E4991F91C50B0060876A /* AggregateSettingViewController.swift in Sources */ = {isa = PBXBuildFile; fileRef = 06D4E4981F91C50B0060876A /* AggregateSettingViewController.swift */; };
		06D4E49B1F91D0C90060876A /* AggregateChartViewController.swift in Sources */ = {isa = PBXBuildFile; fileRef = 06D4E49A1F91D0C90060876A /* AggregateChartViewController.swift */; };
		06D4E49E1F9323C60060876A /* SessionCell.swift in Sources */ = {isa = PBXBuildFile; fileRef = 06D4E49D1F9323C60060876A /* SessionCell.swift */; };
		06D4E4A21F93344B0060876A /* NumUtils.swift in Sources */ = {isa = PBXBuildFile; fileRef = 06D4E4A11F93344B0060876A /* NumUtils.swift */; };
		06D4FE3C1F8F96EA00D3F33E /* DispatchMain.swift in Sources */ = {isa = PBXBuildFile; fileRef = 06B5EBA71F7B4F160028289C /* DispatchMain.swift */; };
		06E8E4821F8DD65F002928E4 /* SessionEditViewController.swift in Sources */ = {isa = PBXBuildFile; fileRef = 06E8E4811F8DD65F002928E4 /* SessionEditViewController.swift */; };
		06E8E4861F8F08E6002928E4 /* SurfBoardSettingViewController.swift in Sources */ = {isa = PBXBuildFile; fileRef = 06E8E4851F8F08E6002928E4 /* SurfBoardSettingViewController.swift */; };
		06EAAE1E1F96E81900734E48 /* Settings.swift in Sources */ = {isa = PBXBuildFile; fileRef = 06EAAE1D1F96E81900734E48 /* Settings.swift */; };
		06EAAE201F96FFBC00734E48 /* ResultInterfaceController.swift in Sources */ = {isa = PBXBuildFile; fileRef = 06EAAE1F1F96FFBC00734E48 /* ResultInterfaceController.swift */; };
		06EAAE211F97061900734E48 /* NumUtils.swift in Sources */ = {isa = PBXBuildFile; fileRef = 06D4E4A11F93344B0060876A /* NumUtils.swift */; };
		06EAAE221F975B4000734E48 /* SurfBoard.swift in Sources */ = {isa = PBXBuildFile; fileRef = 066F1AA21F8DBEFC0006C958 /* SurfBoard.swift */; };
		06EAAE231F975B4400734E48 /* WaveSession.swift in Sources */ = {isa = PBXBuildFile; fileRef = 06B44EBA1F886A2200D2F5CB /* WaveSession.swift */; };
		06EAAE241F975B4700734E48 /* Wave.swift in Sources */ = {isa = PBXBuildFile; fileRef = 06B44EBD1F888D7D00D2F5CB /* Wave.swift */; };
		06EAAE251F975B4C00734E48 /* Location.swift in Sources */ = {isa = PBXBuildFile; fileRef = 066F1A911F8B85FC0006C958 /* Location.swift */; };
		06EAAE261F975B4F00734E48 /* SurfPoint.swift in Sources */ = {isa = PBXBuildFile; fileRef = 06C488A91F949980007C0C45 /* SurfPoint.swift */; };
		06F5FB7F1FC9000400A71AE9 /* test_1114.txt in Resources */ = {isa = PBXBuildFile; fileRef = 06F5FB7E1FC9000400A71AE9 /* test_1114.txt */; };
/* End PBXBuildFile section */

/* Begin PBXContainerItemProxy section */
		06A3BB8E1F7A38CD000A7834 /* PBXContainerItemProxy */ = {
			isa = PBXContainerItemProxy;
			containerPortal = 06A3BB711F7A38CC000A7834 /* Project object */;
			proxyType = 1;
			remoteGlobalIDString = 06A3BB781F7A38CC000A7834;
			remoteInfo = SurfingGo;
		};
		06A3BB991F7A38CD000A7834 /* PBXContainerItemProxy */ = {
			isa = PBXContainerItemProxy;
			containerPortal = 06A3BB711F7A38CC000A7834 /* Project object */;
			proxyType = 1;
			remoteGlobalIDString = 06A3BB781F7A38CC000A7834;
			remoteInfo = SurfingGo;
		};
		06A3BBBA1F7A3915000A7834 /* PBXContainerItemProxy */ = {
			isa = PBXContainerItemProxy;
			containerPortal = 06A3BB711F7A38CC000A7834 /* Project object */;
			proxyType = 1;
			remoteGlobalIDString = 06A3BBB71F7A3915000A7834;
			remoteInfo = "SurfingGoWatchApp Extension";
		};
		06A3BBC71F7A3915000A7834 /* PBXContainerItemProxy */ = {
			isa = PBXContainerItemProxy;
			containerPortal = 06A3BB711F7A38CC000A7834 /* Project object */;
			proxyType = 1;
			remoteGlobalIDString = 06A3BBAB1F7A3914000A7834;
			remoteInfo = SurfingGoWatchApp;
		};
/* End PBXContainerItemProxy section */

/* Begin PBXCopyFilesBuildPhase section */
		06A3BBCD1F7A3915000A7834 /* Embed App Extensions */ = {
			isa = PBXCopyFilesBuildPhase;
			buildActionMask = 2147483647;
			dstPath = "";
			dstSubfolderSpec = 13;
			files = (
				06A3BBB91F7A3915000A7834 /* SurfingGoWatchApp Extension.appex in Embed App Extensions */,
			);
			name = "Embed App Extensions";
			runOnlyForDeploymentPostprocessing = 0;
		};
		06A3BBD11F7A3915000A7834 /* Embed Watch Content */ = {
			isa = PBXCopyFilesBuildPhase;
			buildActionMask = 2147483647;
			dstPath = "$(CONTENTS_FOLDER_PATH)/Watch";
			dstSubfolderSpec = 16;
			files = (
				06A3BBC91F7A3915000A7834 /* SurfingGoWatchApp.app in Embed Watch Content */,
			);
			name = "Embed Watch Content";
			runOnlyForDeploymentPostprocessing = 0;
		};
/* End PBXCopyFilesBuildPhase section */

/* Begin PBXFileReference section */
		0612BC711F7BA2C200A86183 /* CloudKit.framework */ = {isa = PBXFileReference; lastKnownFileType = wrapper.framework; name = CloudKit.framework; path = System/Library/Frameworks/CloudKit.framework; sourceTree = SDKROOT; };
		0612BC731F7BB5E200A86183 /* WatchConnectivity.framework */ = {isa = PBXFileReference; lastKnownFileType = wrapper.framework; name = WatchConnectivity.framework; path = Platforms/WatchOS.platform/Developer/SDKs/WatchOS4.0.sdk/System/Library/Frameworks/WatchConnectivity.framework; sourceTree = DEVELOPER_DIR; };
		0612BC751F7BB5F400A86183 /* WatchConnectivity.framework */ = {isa = PBXFileReference; lastKnownFileType = wrapper.framework; name = WatchConnectivity.framework; path = System/Library/Frameworks/WatchConnectivity.framework; sourceTree = SDKROOT; };
		06307DA91FA04C92003FDABA /* TitleImageTableViewCell.swift */ = {isa = PBXFileReference; lastKnownFileType = sourcecode.swift; path = TitleImageTableViewCell.swift; sourceTree = "<group>"; };
		06307DAA1FA04C92003FDABA /* TitleImageTableViewCell.xib */ = {isa = PBXFileReference; lastKnownFileType = file.xib; path = TitleImageTableViewCell.xib; sourceTree = "<group>"; };
		06317ED91F9AE50200BB96F9 /* SettingViewController.swift */ = {isa = PBXFileReference; lastKnownFileType = sourcecode.swift; path = SettingViewController.swift; sourceTree = "<group>"; };
		063300751FA07D03008FC800 /* TitleImage.swift */ = {isa = PBXFileReference; lastKnownFileType = sourcecode.swift; path = TitleImage.swift; sourceTree = "<group>"; };
		063E53631FE0FBD5001FCA6C /* RealmSwift.framework */ = {isa = PBXFileReference; lastKnownFileType = wrapper.framework; name = RealmSwift.framework; path = Carthage/Build/iOS/RealmSwift.framework; sourceTree = "<group>"; };
		063E53641FE0FBD5001FCA6C /* Eureka.framework */ = {isa = PBXFileReference; lastKnownFileType = wrapper.framework; name = Eureka.framework; path = Carthage/Build/iOS/Eureka.framework; sourceTree = "<group>"; };
		063E53651FE0FBD5001FCA6C /* Charts.framework */ = {isa = PBXFileReference; lastKnownFileType = wrapper.framework; name = Charts.framework; path = Carthage/Build/iOS/Charts.framework; sourceTree = "<group>"; };
		063E53661FE0FBD5001FCA6C /* CSV.framework */ = {isa = PBXFileReference; lastKnownFileType = wrapper.framework; name = CSV.framework; path = Carthage/Build/iOS/CSV.framework; sourceTree = "<group>"; };
		063E53671FE0FBD5001FCA6C /* SVProgressHUD.framework */ = {isa = PBXFileReference; lastKnownFileType = wrapper.framework; name = SVProgressHUD.framework; path = Carthage/Build/iOS/SVProgressHUD.framework; sourceTree = "<group>"; };
		063E53681FE0FBD5001FCA6C /* Realm.framework */ = {isa = PBXFileReference; lastKnownFileType = wrapper.framework; name = Realm.framework; path = Carthage/Build/iOS/Realm.framework; sourceTree = "<group>"; };
		063E536F1FE0FBF1001FCA6C /* Realm.framework */ = {isa = PBXFileReference; lastKnownFileType = wrapper.framework; name = Realm.framework; path = Carthage/Build/watchOS/Realm.framework; sourceTree = "<group>"; };
		063E53701FE0FBF1001FCA6C /* RealmSwift.framework */ = {isa = PBXFileReference; lastKnownFileType = wrapper.framework; name = RealmSwift.framework; path = Carthage/Build/watchOS/RealmSwift.framework; sourceTree = "<group>"; };
		0651DCBC2051032C00D52DE5 /* Date+Ext.swift */ = {isa = PBXFileReference; lastKnownFileType = sourcecode.swift; path = "Date+Ext.swift"; sourceTree = "<group>"; };
		0651DCBE2051063B00D52DE5 /* ArrayUtils.swift */ = {isa = PBXFileReference; lastKnownFileType = sourcecode.swift; path = ArrayUtils.swift; sourceTree = "<group>"; };
		0654BFE91F9E02D800F828A1 /* AlertViewUtils.swift */ = {isa = PBXFileReference; lastKnownFileType = sourcecode.swift; path = AlertViewUtils.swift; sourceTree = "<group>"; };
		0654BFEC1F9EEE0100F828A1 /* SessionDetailViewController.swift */ = {isa = PBXFileReference; lastKnownFileType = sourcecode.swift; path = SessionDetailViewController.swift; sourceTree = "<group>"; };
		066F1A911F8B85FC0006C958 /* Location.swift */ = {isa = PBXFileReference; lastKnownFileType = sourcecode.swift; path = Location.swift; sourceTree = "<group>"; };
		066F1A9E1F8D8EA20006C958 /* WaveMapViewController.swift */ = {isa = PBXFileReference; lastKnownFileType = sourcecode.swift; path = WaveMapViewController.swift; sourceTree = "<group>"; };
		066F1AA01F8D97970006C958 /* MapKit.framework */ = {isa = PBXFileReference; lastKnownFileType = wrapper.framework; name = MapKit.framework; path = System/Library/Frameworks/MapKit.framework; sourceTree = SDKROOT; };
		066F1AA21F8DBEFC0006C958 /* SurfBoard.swift */ = {isa = PBXFileReference; lastKnownFileType = sourcecode.swift; path = SurfBoard.swift; sourceTree = "<group>"; };
		068911A71FA0953100C33F97 /* SessionTotalResultView.swift */ = {isa = PBXFileReference; lastKnownFileType = sourcecode.swift; path = SessionTotalResultView.swift; sourceTree = "<group>"; };
		068911A81FA0953100C33F97 /* SessionTotalResultView.xib */ = {isa = PBXFileReference; lastKnownFileType = file.xib; path = SessionTotalResultView.xib; sourceTree = "<group>"; };
		068AA3A01F908ED300B2B568 /* WaveResultView.xib */ = {isa = PBXFileReference; lastKnownFileType = file.xib; path = WaveResultView.xib; sourceTree = "<group>"; };
		068AA3A21F909A1F00B2B568 /* WaveResultView.swift */ = {isa = PBXFileReference; lastKnownFileType = sourcecode.swift; path = WaveResultView.swift; sourceTree = "<group>"; };
		06A3BB791F7A38CC000A7834 /* SurfingGo.app */ = {isa = PBXFileReference; explicitFileType = wrapper.application; includeInIndex = 0; path = SurfingGo.app; sourceTree = BUILT_PRODUCTS_DIR; };
		06A3BB7C1F7A38CC000A7834 /* AppDelegate.swift */ = {isa = PBXFileReference; lastKnownFileType = sourcecode.swift; path = AppDelegate.swift; sourceTree = "<group>"; };
		06A3BB7E1F7A38CC000A7834 /* ViewController.swift */ = {isa = PBXFileReference; lastKnownFileType = sourcecode.swift; path = ViewController.swift; sourceTree = "<group>"; };
		06A3BB811F7A38CC000A7834 /* Base */ = {isa = PBXFileReference; lastKnownFileType = file.storyboard; name = Base; path = Base.lproj/Main.storyboard; sourceTree = "<group>"; };
		06A3BB831F7A38CC000A7834 /* Assets.xcassets */ = {isa = PBXFileReference; lastKnownFileType = folder.assetcatalog; path = Assets.xcassets; sourceTree = "<group>"; };
		06A3BB861F7A38CC000A7834 /* Base */ = {isa = PBXFileReference; lastKnownFileType = file.storyboard; name = Base; path = Base.lproj/LaunchScreen.storyboard; sourceTree = "<group>"; };
		06A3BB881F7A38CC000A7834 /* Info.plist */ = {isa = PBXFileReference; lastKnownFileType = text.plist.xml; path = Info.plist; sourceTree = "<group>"; };
		06A3BB8D1F7A38CD000A7834 /* SurfingGoTests.xctest */ = {isa = PBXFileReference; explicitFileType = wrapper.cfbundle; includeInIndex = 0; path = SurfingGoTests.xctest; sourceTree = BUILT_PRODUCTS_DIR; };
		06A3BB911F7A38CD000A7834 /* SurfingGoTests.swift */ = {isa = PBXFileReference; lastKnownFileType = sourcecode.swift; path = SurfingGoTests.swift; sourceTree = "<group>"; };
		06A3BB931F7A38CD000A7834 /* Info.plist */ = {isa = PBXFileReference; lastKnownFileType = text.plist.xml; path = Info.plist; sourceTree = "<group>"; };
		06A3BB981F7A38CD000A7834 /* SurfingGoUITests.xctest */ = {isa = PBXFileReference; explicitFileType = wrapper.cfbundle; includeInIndex = 0; path = SurfingGoUITests.xctest; sourceTree = BUILT_PRODUCTS_DIR; };
		06A3BB9C1F7A38CD000A7834 /* SurfingGoUITests.swift */ = {isa = PBXFileReference; lastKnownFileType = sourcecode.swift; path = SurfingGoUITests.swift; sourceTree = "<group>"; };
		06A3BB9E1F7A38CD000A7834 /* Info.plist */ = {isa = PBXFileReference; lastKnownFileType = text.plist.xml; path = Info.plist; sourceTree = "<group>"; };
		06A3BBAC1F7A3914000A7834 /* SurfingGoWatchApp.app */ = {isa = PBXFileReference; explicitFileType = wrapper.application; includeInIndex = 0; path = SurfingGoWatchApp.app; sourceTree = BUILT_PRODUCTS_DIR; };
		06A3BBAF1F7A3914000A7834 /* Base */ = {isa = PBXFileReference; lastKnownFileType = file.storyboard; name = Base; path = Base.lproj/Interface.storyboard; sourceTree = "<group>"; };
		06A3BBB11F7A3914000A7834 /* Assets.xcassets */ = {isa = PBXFileReference; lastKnownFileType = folder.assetcatalog; path = Assets.xcassets; sourceTree = "<group>"; };
		06A3BBB31F7A3914000A7834 /* Info.plist */ = {isa = PBXFileReference; lastKnownFileType = text.plist.xml; path = Info.plist; sourceTree = "<group>"; };
		06A3BBB81F7A3915000A7834 /* SurfingGoWatchApp Extension.appex */ = {isa = PBXFileReference; explicitFileType = "wrapper.app-extension"; includeInIndex = 0; path = "SurfingGoWatchApp Extension.appex"; sourceTree = BUILT_PRODUCTS_DIR; };
		06A3BBBD1F7A3915000A7834 /* InterfaceController.swift */ = {isa = PBXFileReference; lastKnownFileType = sourcecode.swift; path = InterfaceController.swift; sourceTree = "<group>"; };
		06A3BBBF1F7A3915000A7834 /* ExtensionDelegate.swift */ = {isa = PBXFileReference; lastKnownFileType = sourcecode.swift; path = ExtensionDelegate.swift; sourceTree = "<group>"; };
		06A3BBC11F7A3915000A7834 /* NotificationController.swift */ = {isa = PBXFileReference; lastKnownFileType = sourcecode.swift; path = NotificationController.swift; sourceTree = "<group>"; };
		06A3BBC31F7A3915000A7834 /* Assets.xcassets */ = {isa = PBXFileReference; lastKnownFileType = folder.assetcatalog; path = Assets.xcassets; sourceTree = "<group>"; };
		06A3BBC51F7A3915000A7834 /* Info.plist */ = {isa = PBXFileReference; lastKnownFileType = text.plist.xml; path = Info.plist; sourceTree = "<group>"; };
		06A3BBC61F7A3915000A7834 /* PushNotificationPayload.apns */ = {isa = PBXFileReference; lastKnownFileType = text; path = PushNotificationPayload.apns; sourceTree = "<group>"; };
		06A3BBD21F7A3936000A7834 /* SurfingGo.entitlements */ = {isa = PBXFileReference; lastKnownFileType = text.plist.entitlements; path = SurfingGo.entitlements; sourceTree = "<group>"; };
		06A3BBD41F7A395C000A7834 /* HealthKit.framework */ = {isa = PBXFileReference; lastKnownFileType = wrapper.framework; name = HealthKit.framework; path = System/Library/Frameworks/HealthKit.framework; sourceTree = SDKROOT; };
		06A3BBD61F7A3A03000A7834 /* TimeInterfaceController.swift */ = {isa = PBXFileReference; lastKnownFileType = sourcecode.swift; path = TimeInterfaceController.swift; sourceTree = "<group>"; };
		06B44EB81F87AE5F00D2F5CB /* CoreLocation.framework */ = {isa = PBXFileReference; lastKnownFileType = wrapper.framework; name = CoreLocation.framework; path = System/Library/Frameworks/CoreLocation.framework; sourceTree = SDKROOT; };
		06B44EBA1F886A2200D2F5CB /* WaveSession.swift */ = {isa = PBXFileReference; lastKnownFileType = sourcecode.swift; path = WaveSession.swift; sourceTree = "<group>"; };
		06B44EBD1F888D7D00D2F5CB /* Wave.swift */ = {isa = PBXFileReference; lastKnownFileType = sourcecode.swift; path = Wave.swift; sourceTree = "<group>"; };
		06B44EFC1F8B688500D2F5CB /* SessionTableViewController..swift */ = {isa = PBXFileReference; lastKnownFileType = sourcecode.swift; path = SessionTableViewController..swift; sourceTree = "<group>"; };
		06B5EB9E1F7A70400028289C /* HealthKit.framework */ = {isa = PBXFileReference; lastKnownFileType = wrapper.framework; name = HealthKit.framework; path = Platforms/WatchOS.platform/Developer/SDKs/WatchOS4.0.sdk/System/Library/Frameworks/HealthKit.framework; sourceTree = DEVELOPER_DIR; };
		06B5EBA01F7A70400028289C /* SurfingGoWatchApp Extension.entitlements */ = {isa = PBXFileReference; lastKnownFileType = text.plist.entitlements; path = "SurfingGoWatchApp Extension.entitlements"; sourceTree = "<group>"; };
		06B5EBA11F7B399F0028289C /* CoreLocation.framework */ = {isa = PBXFileReference; lastKnownFileType = wrapper.framework; name = CoreLocation.framework; path = Platforms/WatchOS.platform/Developer/SDKs/WatchOS4.0.sdk/System/Library/Frameworks/CoreLocation.framework; sourceTree = DEVELOPER_DIR; };
		06B5EBA31F7B3B2C0028289C /* LocationManager.swift */ = {isa = PBXFileReference; lastKnownFileType = sourcecode.swift; path = LocationManager.swift; sourceTree = "<group>"; };
		06B5EBA51F7B3DF80028289C /* MapInterfaceController.swift */ = {isa = PBXFileReference; lastKnownFileType = sourcecode.swift; path = MapInterfaceController.swift; sourceTree = "<group>"; };
		06B5EBA71F7B4F160028289C /* DispatchMain.swift */ = {isa = PBXFileReference; lastKnownFileType = sourcecode.swift; path = DispatchMain.swift; sourceTree = "<group>"; };
		06B5EBA91F7B6EBA0028289C /* CloudKit.framework */ = {isa = PBXFileReference; lastKnownFileType = wrapper.framework; name = CloudKit.framework; path = Platforms/WatchOS.platform/Developer/SDKs/WatchOS4.0.sdk/System/Library/Frameworks/CloudKit.framework; sourceTree = DEVELOPER_DIR; };
		06BB81F01FA568BA00991CEA /* WaveMapView.swift */ = {isa = PBXFileReference; lastKnownFileType = sourcecode.swift; path = WaveMapView.swift; sourceTree = "<group>"; };
		06C488A91F949980007C0C45 /* SurfPoint.swift */ = {isa = PBXFileReference; lastKnownFileType = sourcecode.swift; path = SurfPoint.swift; sourceTree = "<group>"; };
		06C488AC1F94A4B9007C0C45 /* GeoUtils.swift */ = {isa = PBXFileReference; lastKnownFileType = sourcecode.swift; path = GeoUtils.swift; sourceTree = "<group>"; };
		06C488B01F94C789007C0C45 /* SurfPointSettingViewController.swift */ = {isa = PBXFileReference; lastKnownFileType = sourcecode.swift; path = SurfPointSettingViewController.swift; sourceTree = "<group>"; };
		06C4EBFE1F7DF93400524216 /* DateUtiles .swift */ = {isa = PBXFileReference; lastKnownFileType = sourcecode.swift; path = "DateUtiles .swift"; sourceTree = "<group>"; };
		06C4EC011F7FBB6B00524216 /* CoreMotion.framework */ = {isa = PBXFileReference; lastKnownFileType = wrapper.framework; name = CoreMotion.framework; path = Platforms/WatchOS.platform/Developer/SDKs/WatchOS4.0.sdk/System/Library/Frameworks/CoreMotion.framework; sourceTree = DEVELOPER_DIR; };
		06CC6FBC1F95B05700FA66C9 /* StopInterfaceController.swift */ = {isa = PBXFileReference; lastKnownFileType = sourcecode.swift; path = StopInterfaceController.swift; sourceTree = "<group>"; };
		06CC6FBF1F95BADB00FA66C9 /* SettingInterfaceController.swift */ = {isa = PBXFileReference; lastKnownFileType = sourcecode.swift; path = SettingInterfaceController.swift; sourceTree = "<group>"; };
		06CC6FC11F95BB2300FA66C9 /* RootInterfaceController.swift */ = {isa = PBXFileReference; lastKnownFileType = sourcecode.swift; path = RootInterfaceController.swift; sourceTree = "<group>"; };
		06CC6FC41F95CA0900FA66C9 /* SessionInterfaceParam.swift */ = {isa = PBXFileReference; lastKnownFileType = sourcecode.swift; path = SessionInterfaceParam.swift; sourceTree = "<group>"; };
		06CC6FC71F95F53700FA66C9 /* HealthStoreManager.swift */ = {isa = PBXFileReference; lastKnownFileType = sourcecode.swift; path = HealthStoreManager.swift; sourceTree = "<group>"; };
		06D241561FB5421100EAFC25 /* UIViewControllerExtension.swift */ = {isa = PBXFileReference; lastKnownFileType = sourcecode.swift; path = UIViewControllerExtension.swift; sourceTree = "<group>"; };
		06D241581FB55AC100EAFC25 /* SessionSectionHeaderView.xib */ = {isa = PBXFileReference; lastKnownFileType = file.xib; path = SessionSectionHeaderView.xib; sourceTree = "<group>"; };
		06D2415A1FB55C1E00EAFC25 /* SessionSectionHeaderView.swift */ = {isa = PBXFileReference; lastKnownFileType = sourcecode.swift; path = SessionSectionHeaderView.swift; sourceTree = "<group>"; };
		06D4E4941F91AC5F0060876A /* MKPolyline+Ext.swift */ = {isa = PBXFileReference; lastKnownFileType = sourcecode.swift; path = "MKPolyline+Ext.swift"; sourceTree = "<group>"; };
		06D4E4961F91AE420060876A /* RidingPolyline.swift */ = {isa = PBXFileReference; lastKnownFileType = sourcecode.swift; path = RidingPolyline.swift; sourceTree = "<group>"; };
		06D4E4981F91C50B0060876A /* AggregateSettingViewController.swift */ = {isa = PBXFileReference; lastKnownFileType = sourcecode.swift; path = AggregateSettingViewController.swift; sourceTree = "<group>"; };
		06D4E49A1F91D0C90060876A /* AggregateChartViewController.swift */ = {isa = PBXFileReference; lastKnownFileType = sourcecode.swift; path = AggregateChartViewController.swift; sourceTree = "<group>"; };
		06D4E49D1F9323C60060876A /* SessionCell.swift */ = {isa = PBXFileReference; lastKnownFileType = sourcecode.swift; path = SessionCell.swift; sourceTree = "<group>"; };
		06D4E4A11F93344B0060876A /* NumUtils.swift */ = {isa = PBXFileReference; lastKnownFileType = sourcecode.swift; path = NumUtils.swift; sourceTree = "<group>"; };
		06D4FE3D1F8F96EE00D3F33E /* DispatchMain.swift */ = {isa = PBXFileReference; lastKnownFileType = sourcecode.swift; name = DispatchMain.swift; path = "SurfingGoWatchApp Extension/DispatchMain.swift"; sourceTree = SOURCE_ROOT; };
		06E8E4811F8DD65F002928E4 /* SessionEditViewController.swift */ = {isa = PBXFileReference; lastKnownFileType = sourcecode.swift; path = SessionEditViewController.swift; sourceTree = "<group>"; };
		06E8E4851F8F08E6002928E4 /* SurfBoardSettingViewController.swift */ = {isa = PBXFileReference; lastKnownFileType = sourcecode.swift; path = SurfBoardSettingViewController.swift; sourceTree = "<group>"; };
		06EAAE1D1F96E81900734E48 /* Settings.swift */ = {isa = PBXFileReference; lastKnownFileType = sourcecode.swift; path = Settings.swift; sourceTree = "<group>"; };
		06EAAE1F1F96FFBC00734E48 /* ResultInterfaceController.swift */ = {isa = PBXFileReference; lastKnownFileType = sourcecode.swift; path = ResultInterfaceController.swift; sourceTree = "<group>"; };
		06F5FB7E1FC9000400A71AE9 /* test_1114.txt */ = {isa = PBXFileReference; fileEncoding = 4; lastKnownFileType = text; name = test_1114.txt; path = work/test_1114.txt; sourceTree = SOURCE_ROOT; };
/* End PBXFileReference section */

/* Begin PBXFrameworksBuildPhase section */
		06A3BB761F7A38CC000A7834 /* Frameworks */ = {
			isa = PBXFrameworksBuildPhase;
			buildActionMask = 2147483647;
			files = (
				063E536C1FE0FBD5001FCA6C /* CSV.framework in Frameworks */,
				066F1AA11F8D97980006C958 /* MapKit.framework in Frameworks */,
				063E536B1FE0FBD5001FCA6C /* Charts.framework in Frameworks */,
				063E536A1FE0FBD5001FCA6C /* Eureka.framework in Frameworks */,
				06B44EB91F87AE5F00D2F5CB /* CoreLocation.framework in Frameworks */,
				063E53691FE0FBD5001FCA6C /* RealmSwift.framework in Frameworks */,
				063E536D1FE0FBD5001FCA6C /* SVProgressHUD.framework in Frameworks */,
				0612BC761F7BB5F400A86183 /* WatchConnectivity.framework in Frameworks */,
				06A3BBD51F7A395C000A7834 /* HealthKit.framework in Frameworks */,
				0612BC721F7BA2C200A86183 /* CloudKit.framework in Frameworks */,
				063E536E1FE0FBD5001FCA6C /* Realm.framework in Frameworks */,
			);
			runOnlyForDeploymentPostprocessing = 0;
		};
		06A3BB8A1F7A38CD000A7834 /* Frameworks */ = {
			isa = PBXFrameworksBuildPhase;
			buildActionMask = 2147483647;
			files = (
			);
			runOnlyForDeploymentPostprocessing = 0;
		};
		06A3BB951F7A38CD000A7834 /* Frameworks */ = {
			isa = PBXFrameworksBuildPhase;
			buildActionMask = 2147483647;
			files = (
			);
			runOnlyForDeploymentPostprocessing = 0;
		};
		06A3BBB51F7A3915000A7834 /* Frameworks */ = {
			isa = PBXFrameworksBuildPhase;
			buildActionMask = 2147483647;
			files = (
				063E53711FE0FBF1001FCA6C /* Realm.framework in Frameworks */,
				06C4EC021F7FBB6C00524216 /* CoreMotion.framework in Frameworks */,
				063E53721FE0FBF1001FCA6C /* RealmSwift.framework in Frameworks */,
				0612BC741F7BB5E300A86183 /* WatchConnectivity.framework in Frameworks */,
				06B5EBAA1F7B6EBA0028289C /* CloudKit.framework in Frameworks */,
				06B5EBA21F7B399F0028289C /* CoreLocation.framework in Frameworks */,
				06B5EB9F1F7A70400028289C /* HealthKit.framework in Frameworks */,
			);
			runOnlyForDeploymentPostprocessing = 0;
		};
		A380FA63D18090F9CB58F201 /* Frameworks */ = {
			isa = PBXFrameworksBuildPhase;
			buildActionMask = 2147483647;
			files = (
				063E53741FE0FE83001FCA6C /* RealmSwift.framework in Frameworks */,
				063E53731FE0FE7F001FCA6C /* Realm.framework in Frameworks */,
			);
			runOnlyForDeploymentPostprocessing = 0;
		};
/* End PBXFrameworksBuildPhase section */

/* Begin PBXGroup section */
		06317ED81F9AE46E00BB96F9 /* 設定 */ = {
			isa = PBXGroup;
			children = (
				06317ED91F9AE50200BB96F9 /* SettingViewController.swift */,
			);
			path = "設定";
			sourceTree = "<group>";
		};
		065167631F99AAD7002FF439 /* 波画面 */ = {
			isa = PBXGroup;
			children = (
				066F1A9E1F8D8EA20006C958 /* WaveMapViewController.swift */,
				068AA3A01F908ED300B2B568 /* WaveResultView.xib */,
				068AA3A21F909A1F00B2B568 /* WaveResultView.swift */,
				06BB81F01FA568BA00991CEA /* WaveMapView.swift */,
			);
			path = "波画面";
			sourceTree = "<group>";
		};
		0654BFEB1F9EEDE200F828A1 /* セッション詳細 */ = {
			isa = PBXGroup;
			children = (
				0654BFEC1F9EEE0100F828A1 /* SessionDetailViewController.swift */,
			);
			path = "セッション詳細";
			sourceTree = "<group>";
		};
		06A3BB701F7A38CC000A7834 = {
			isa = PBXGroup;
			children = (
				06A3BB7B1F7A38CC000A7834 /* SurfingGo */,
				06A3BB901F7A38CD000A7834 /* SurfingGoTests */,
				06A3BB9B1F7A38CD000A7834 /* SurfingGoUITests */,
				06A3BBAD1F7A3914000A7834 /* SurfingGoWatchApp */,
				06A3BBBC1F7A3915000A7834 /* SurfingGoWatchApp Extension */,
				06A3BB7A1F7A38CC000A7834 /* Products */,
				06A3BBD31F7A395C000A7834 /* Frameworks */,
			);
			sourceTree = "<group>";
		};
		06A3BB7A1F7A38CC000A7834 /* Products */ = {
			isa = PBXGroup;
			children = (
				06A3BB791F7A38CC000A7834 /* SurfingGo.app */,
				06A3BB8D1F7A38CD000A7834 /* SurfingGoTests.xctest */,
				06A3BB981F7A38CD000A7834 /* SurfingGoUITests.xctest */,
				06A3BBAC1F7A3914000A7834 /* SurfingGoWatchApp.app */,
				06A3BBB81F7A3915000A7834 /* SurfingGoWatchApp Extension.appex */,
			);
			name = Products;
			sourceTree = "<group>";
		};
		06A3BB7B1F7A38CC000A7834 /* SurfingGo */ = {
			isa = PBXGroup;
			children = (
				06317ED81F9AE46E00BB96F9 /* 設定 */,
				065167631F99AAD7002FF439 /* 波画面 */,
				06C488AF1F94C75B007C0C45 /* サーフポイント設定 */,
				06C488AE1F94C430007C0C45 /* サーフボード設定 */,
				0654BFEB1F9EEDE200F828A1 /* セッション詳細 */,
				06C488A11F946FEA007C0C45 /* セッション編集 */,
				06D4E4A01F9334330060876A /* Utils */,
				06D4E49F1F9323DB0060876A /* セッション一覧 */,
				06D4E49C1F91D0D20060876A /* 集計 */,
				06D4E4931F91AC1F0060876A /* Extensions */,
				06B44EFE1F8B6A9600D2F5CB /* Models */,
				06A3BBD21F7A3936000A7834 /* SurfingGo.entitlements */,
				06A3BB7C1F7A38CC000A7834 /* AppDelegate.swift */,
				06A3BB7E1F7A38CC000A7834 /* ViewController.swift */,
				06A3BB801F7A38CC000A7834 /* Main.storyboard */,
				06A3BB831F7A38CC000A7834 /* Assets.xcassets */,
				06A3BB851F7A38CC000A7834 /* LaunchScreen.storyboard */,
				06A3BB881F7A38CC000A7834 /* Info.plist */,
				06D4FE3D1F8F96EE00D3F33E /* DispatchMain.swift */,
			);
			path = SurfingGo;
			sourceTree = "<group>";
		};
		06A3BB901F7A38CD000A7834 /* SurfingGoTests */ = {
			isa = PBXGroup;
			children = (
				06A3BB911F7A38CD000A7834 /* SurfingGoTests.swift */,
				06A3BB931F7A38CD000A7834 /* Info.plist */,
			);
			path = SurfingGoTests;
			sourceTree = "<group>";
		};
		06A3BB9B1F7A38CD000A7834 /* SurfingGoUITests */ = {
			isa = PBXGroup;
			children = (
				06A3BB9C1F7A38CD000A7834 /* SurfingGoUITests.swift */,
				06A3BB9E1F7A38CD000A7834 /* Info.plist */,
			);
			path = SurfingGoUITests;
			sourceTree = "<group>";
		};
		06A3BBAD1F7A3914000A7834 /* SurfingGoWatchApp */ = {
			isa = PBXGroup;
			children = (
				06A3BBAE1F7A3914000A7834 /* Interface.storyboard */,
				06A3BBB11F7A3914000A7834 /* Assets.xcassets */,
				06A3BBB31F7A3914000A7834 /* Info.plist */,
			);
			path = SurfingGoWatchApp;
			sourceTree = "<group>";
		};
		06A3BBBC1F7A3915000A7834 /* SurfingGoWatchApp Extension */ = {
			isa = PBXGroup;
			children = (
				06F5FB7E1FC9000400A71AE9 /* test_1114.txt */,
				06EAAE1C1F96E7D000734E48 /* 設定 */,
				06CC6FC61F95F4D900FA66C9 /* ヘルス管理 */,
				06CC6FC31F95BBD900FA66C9 /* セッション中画面 */,
				06CC6FBE1F95BAB500FA66C9 /* スタート画面 */,
				06B5EBA01F7A70400028289C /* SurfingGoWatchApp Extension.entitlements */,
				06A3BBBF1F7A3915000A7834 /* ExtensionDelegate.swift */,
				06A3BBC11F7A3915000A7834 /* NotificationController.swift */,
				06A3BBC31F7A3915000A7834 /* Assets.xcassets */,
				06A3BBC51F7A3915000A7834 /* Info.plist */,
				06A3BBC61F7A3915000A7834 /* PushNotificationPayload.apns */,
				06B5EBA31F7B3B2C0028289C /* LocationManager.swift */,
				06B5EBA51F7B3DF80028289C /* MapInterfaceController.swift */,
				06B5EBA71F7B4F160028289C /* DispatchMain.swift */,
				06CC6FC11F95BB2300FA66C9 /* RootInterfaceController.swift */,
			);
			path = "SurfingGoWatchApp Extension";
			sourceTree = "<group>";
		};
		06A3BBD31F7A395C000A7834 /* Frameworks */ = {
			isa = PBXGroup;
			children = (
				063E536F1FE0FBF1001FCA6C /* Realm.framework */,
				063E53701FE0FBF1001FCA6C /* RealmSwift.framework */,
				063E53651FE0FBD5001FCA6C /* Charts.framework */,
				063E53661FE0FBD5001FCA6C /* CSV.framework */,
				063E53641FE0FBD5001FCA6C /* Eureka.framework */,
				063E53681FE0FBD5001FCA6C /* Realm.framework */,
				063E53631FE0FBD5001FCA6C /* RealmSwift.framework */,
				063E53671FE0FBD5001FCA6C /* SVProgressHUD.framework */,
				066F1AA01F8D97970006C958 /* MapKit.framework */,
				06B44EB81F87AE5F00D2F5CB /* CoreLocation.framework */,
				06C4EC011F7FBB6B00524216 /* CoreMotion.framework */,
				0612BC731F7BB5E200A86183 /* WatchConnectivity.framework */,
				0612BC751F7BB5F400A86183 /* WatchConnectivity.framework */,
				0612BC711F7BA2C200A86183 /* CloudKit.framework */,
				06B5EBA91F7B6EBA0028289C /* CloudKit.framework */,
				06B5EBA11F7B399F0028289C /* CoreLocation.framework */,
				06B5EB9E1F7A70400028289C /* HealthKit.framework */,
				06A3BBD41F7A395C000A7834 /* HealthKit.framework */,
			);
			name = Frameworks;
			sourceTree = "<group>";
		};
		06B44EFE1F8B6A9600D2F5CB /* Models */ = {
			isa = PBXGroup;
			children = (
				066F1AA21F8DBEFC0006C958 /* SurfBoard.swift */,
				06B44EBA1F886A2200D2F5CB /* WaveSession.swift */,
				06B44EBD1F888D7D00D2F5CB /* Wave.swift */,
				066F1A911F8B85FC0006C958 /* Location.swift */,
				06C488A91F949980007C0C45 /* SurfPoint.swift */,
				063300751FA07D03008FC800 /* TitleImage.swift */,
			);
			path = Models;
			sourceTree = "<group>";
		};
		06C488A11F946FEA007C0C45 /* セッション編集 */ = {
			isa = PBXGroup;
			children = (
				06E8E4811F8DD65F002928E4 /* SessionEditViewController.swift */,
				06307DA91FA04C92003FDABA /* TitleImageTableViewCell.swift */,
				06307DAA1FA04C92003FDABA /* TitleImageTableViewCell.xib */,
			);
			path = "セッション編集";
			sourceTree = "<group>";
		};
		06C488AE1F94C430007C0C45 /* サーフボード設定 */ = {
			isa = PBXGroup;
			children = (
				06E8E4851F8F08E6002928E4 /* SurfBoardSettingViewController.swift */,
			);
			name = "サーフボード設定";
			path = "サーフボード設定";
			sourceTree = "<group>";
		};
		06C488AF1F94C75B007C0C45 /* サーフポイント設定 */ = {
			isa = PBXGroup;
			children = (
				06C488B01F94C789007C0C45 /* SurfPointSettingViewController.swift */,
			);
			name = "サーフポイント設定";
			path = "サーフポイント設定";
			sourceTree = "<group>";
		};
		06CC6FBE1F95BAB500FA66C9 /* スタート画面 */ = {
			isa = PBXGroup;
			children = (
				06A3BBBD1F7A3915000A7834 /* InterfaceController.swift */,
				06CC6FBF1F95BADB00FA66C9 /* SettingInterfaceController.swift */,
				06EAAE1F1F96FFBC00734E48 /* ResultInterfaceController.swift */,
			);
			path = "スタート画面";
			sourceTree = "<group>";
		};
		06CC6FC31F95BBD900FA66C9 /* セッション中画面 */ = {
			isa = PBXGroup;
			children = (
				06A3BBD61F7A3A03000A7834 /* TimeInterfaceController.swift */,
				06CC6FBC1F95B05700FA66C9 /* StopInterfaceController.swift */,
				06CC6FC41F95CA0900FA66C9 /* SessionInterfaceParam.swift */,
			);
			path = "セッション中画面";
			sourceTree = "<group>";
		};
		06CC6FC61F95F4D900FA66C9 /* ヘルス管理 */ = {
			isa = PBXGroup;
			children = (
				06CC6FC71F95F53700FA66C9 /* HealthStoreManager.swift */,
			);
			path = "ヘルス管理";
			sourceTree = "<group>";
		};
		06D4E4931F91AC1F0060876A /* Extensions */ = {
			isa = PBXGroup;
			children = (
				06D4E4941F91AC5F0060876A /* MKPolyline+Ext.swift */,
				06D4E4961F91AE420060876A /* RidingPolyline.swift */,
				06D241561FB5421100EAFC25 /* UIViewControllerExtension.swift */,
				0651DCBC2051032C00D52DE5 /* Date+Ext.swift */,
			);
			path = Extensions;
			sourceTree = "<group>";
		};
		06D4E49C1F91D0D20060876A /* 集計 */ = {
			isa = PBXGroup;
			children = (
				06D4E4981F91C50B0060876A /* AggregateSettingViewController.swift */,
				06D4E49A1F91D0C90060876A /* AggregateChartViewController.swift */,
			);
			path = "集計";
			sourceTree = "<group>";
		};
		06D4E49F1F9323DB0060876A /* セッション一覧 */ = {
			isa = PBXGroup;
			children = (
				06B44EFC1F8B688500D2F5CB /* SessionTableViewController..swift */,
				06D4E49D1F9323C60060876A /* SessionCell.swift */,
				068911A71FA0953100C33F97 /* SessionTotalResultView.swift */,
				068911A81FA0953100C33F97 /* SessionTotalResultView.xib */,
				06D241581FB55AC100EAFC25 /* SessionSectionHeaderView.xib */,
				06D2415A1FB55C1E00EAFC25 /* SessionSectionHeaderView.swift */,
			);
			path = "セッション一覧";
			sourceTree = "<group>";
		};
		06D4E4A01F9334330060876A /* Utils */ = {
			isa = PBXGroup;
			children = (
				06C4EBFE1F7DF93400524216 /* DateUtiles .swift */,
				06D4E4A11F93344B0060876A /* NumUtils.swift */,
				06C488AC1F94A4B9007C0C45 /* GeoUtils.swift */,
				0654BFE91F9E02D800F828A1 /* AlertViewUtils.swift */,
				0651DCBE2051063B00D52DE5 /* ArrayUtils.swift */,
			);
			path = Utils;
			sourceTree = "<group>";
		};
		06EAAE1C1F96E7D000734E48 /* 設定 */ = {
			isa = PBXGroup;
			children = (
				06EAAE1D1F96E81900734E48 /* Settings.swift */,
			);
			path = "設定";
			sourceTree = "<group>";
		};
/* End PBXGroup section */

/* Begin PBXNativeTarget section */
		06A3BB781F7A38CC000A7834 /* SurfingGo */ = {
			isa = PBXNativeTarget;
			buildConfigurationList = 06A3BBA11F7A38CD000A7834 /* Build configuration list for PBXNativeTarget "SurfingGo" */;
			buildPhases = (
				06A3BB751F7A38CC000A7834 /* Sources */,
				06A3BB761F7A38CC000A7834 /* Frameworks */,
				06A3BB771F7A38CC000A7834 /* Resources */,
				06A3BBD11F7A3915000A7834 /* Embed Watch Content */,
				063E53751FE0FF9B001FCA6C /* ShellScript */,
			);
			buildRules = (
			);
			dependencies = (
				06A3BBC81F7A3915000A7834 /* PBXTargetDependency */,
			);
			name = SurfingGo;
			productName = SurfingGo;
			productReference = 06A3BB791F7A38CC000A7834 /* SurfingGo.app */;
			productType = "com.apple.product-type.application";
		};
		06A3BB8C1F7A38CD000A7834 /* SurfingGoTests */ = {
			isa = PBXNativeTarget;
			buildConfigurationList = 06A3BBA41F7A38CD000A7834 /* Build configuration list for PBXNativeTarget "SurfingGoTests" */;
			buildPhases = (
				06A3BB891F7A38CD000A7834 /* Sources */,
				06A3BB8A1F7A38CD000A7834 /* Frameworks */,
				06A3BB8B1F7A38CD000A7834 /* Resources */,
			);
			buildRules = (
			);
			dependencies = (
				06A3BB8F1F7A38CD000A7834 /* PBXTargetDependency */,
			);
			name = SurfingGoTests;
			productName = SurfingGoTests;
			productReference = 06A3BB8D1F7A38CD000A7834 /* SurfingGoTests.xctest */;
			productType = "com.apple.product-type.bundle.unit-test";
		};
		06A3BB971F7A38CD000A7834 /* SurfingGoUITests */ = {
			isa = PBXNativeTarget;
			buildConfigurationList = 06A3BBA71F7A38CD000A7834 /* Build configuration list for PBXNativeTarget "SurfingGoUITests" */;
			buildPhases = (
				06A3BB941F7A38CD000A7834 /* Sources */,
				06A3BB951F7A38CD000A7834 /* Frameworks */,
				06A3BB961F7A38CD000A7834 /* Resources */,
			);
			buildRules = (
			);
			dependencies = (
				06A3BB9A1F7A38CD000A7834 /* PBXTargetDependency */,
			);
			name = SurfingGoUITests;
			productName = SurfingGoUITests;
			productReference = 06A3BB981F7A38CD000A7834 /* SurfingGoUITests.xctest */;
			productType = "com.apple.product-type.bundle.ui-testing";
		};
		06A3BBAB1F7A3914000A7834 /* SurfingGoWatchApp */ = {
			isa = PBXNativeTarget;
			buildConfigurationList = 06A3BBCE1F7A3915000A7834 /* Build configuration list for PBXNativeTarget "SurfingGoWatchApp" */;
			buildPhases = (
				06A3BBAA1F7A3914000A7834 /* Resources */,
				06A3BBCD1F7A3915000A7834 /* Embed App Extensions */,
				A380FA63D18090F9CB58F201 /* Frameworks */,
			);
			buildRules = (
			);
			dependencies = (
				06A3BBBB1F7A3915000A7834 /* PBXTargetDependency */,
			);
			name = SurfingGoWatchApp;
			productName = SurfingGoWatchApp;
			productReference = 06A3BBAC1F7A3914000A7834 /* SurfingGoWatchApp.app */;
			productType = "com.apple.product-type.application.watchapp2";
		};
		06A3BBB71F7A3915000A7834 /* SurfingGoWatchApp Extension */ = {
			isa = PBXNativeTarget;
			buildConfigurationList = 06A3BBCA1F7A3915000A7834 /* Build configuration list for PBXNativeTarget "SurfingGoWatchApp Extension" */;
			buildPhases = (
				06A3BBB41F7A3915000A7834 /* Sources */,
				06A3BBB51F7A3915000A7834 /* Frameworks */,
				06A3BBB61F7A3915000A7834 /* Resources */,
				063E53761FE10038001FCA6C /* ShellScript */,
			);
			buildRules = (
			);
			dependencies = (
			);
			name = "SurfingGoWatchApp Extension";
			productName = "SurfingGoWatchApp Extension";
			productReference = 06A3BBB81F7A3915000A7834 /* SurfingGoWatchApp Extension.appex */;
			productType = "com.apple.product-type.watchkit2-extension";
		};
/* End PBXNativeTarget section */

/* Begin PBXProject section */
		06A3BB711F7A38CC000A7834 /* Project object */ = {
			isa = PBXProject;
			attributes = {
				LastSwiftUpdateCheck = 0900;
				LastUpgradeCheck = 0900;
				ORGANIZATIONNAME = "ikaika software";
				TargetAttributes = {
					06A3BB781F7A38CC000A7834 = {
						CreatedOnToolsVersion = 9.0;
						ProvisioningStyle = Manual;
						SystemCapabilities = {
							com.apple.HealthKit = {
								enabled = 1;
							};
							com.apple.Push = {
								enabled = 1;
							};
							com.apple.iCloud = {
								enabled = 1;
							};
						};
					};
					06A3BB8C1F7A38CD000A7834 = {
						CreatedOnToolsVersion = 9.0;
						ProvisioningStyle = Automatic;
						TestTargetID = 06A3BB781F7A38CC000A7834;
					};
					06A3BB971F7A38CD000A7834 = {
						CreatedOnToolsVersion = 9.0;
						ProvisioningStyle = Automatic;
						TestTargetID = 06A3BB781F7A38CC000A7834;
					};
					06A3BBAB1F7A3914000A7834 = {
						CreatedOnToolsVersion = 9.0;
						ProvisioningStyle = Manual;
					};
					06A3BBB71F7A3915000A7834 = {
						CreatedOnToolsVersion = 9.0;
						ProvisioningStyle = Manual;
						SystemCapabilities = {
							com.apple.BackgroundModes.watchos.extension = {
								enabled = 1;
							};
							com.apple.HealthKit.watchos = {
								enabled = 1;
							};
							com.apple.Push = {
								enabled = 1;
							};
							com.apple.iCloud = {
								enabled = 1;
							};
						};
					};
				};
			};
			buildConfigurationList = 06A3BB741F7A38CC000A7834 /* Build configuration list for PBXProject "SurfingGo" */;
			compatibilityVersion = "Xcode 8.0";
			developmentRegion = en;
			hasScannedForEncodings = 0;
			knownRegions = (
				en,
				Base,
			);
			mainGroup = 06A3BB701F7A38CC000A7834;
			productRefGroup = 06A3BB7A1F7A38CC000A7834 /* Products */;
			projectDirPath = "";
			projectRoot = "";
			targets = (
				06A3BB781F7A38CC000A7834 /* SurfingGo */,
				06A3BB8C1F7A38CD000A7834 /* SurfingGoTests */,
				06A3BB971F7A38CD000A7834 /* SurfingGoUITests */,
				06A3BBAB1F7A3914000A7834 /* SurfingGoWatchApp */,
				06A3BBB71F7A3915000A7834 /* SurfingGoWatchApp Extension */,
			);
		};
/* End PBXProject section */

/* Begin PBXResourcesBuildPhase section */
		06A3BB771F7A38CC000A7834 /* Resources */ = {
			isa = PBXResourcesBuildPhase;
			buildActionMask = 2147483647;
			files = (
				068AA3A11F908ED300B2B568 /* WaveResultView.xib in Resources */,
				06A3BB871F7A38CC000A7834 /* LaunchScreen.storyboard in Resources */,
				06A3BB841F7A38CC000A7834 /* Assets.xcassets in Resources */,
				06A3BB821F7A38CC000A7834 /* Main.storyboard in Resources */,
				06307DAC1FA04C92003FDABA /* TitleImageTableViewCell.xib in Resources */,
				068911AA1FA0953100C33F97 /* SessionTotalResultView.xib in Resources */,
				06D241591FB55AC100EAFC25 /* SessionSectionHeaderView.xib in Resources */,
			);
			runOnlyForDeploymentPostprocessing = 0;
		};
		06A3BB8B1F7A38CD000A7834 /* Resources */ = {
			isa = PBXResourcesBuildPhase;
			buildActionMask = 2147483647;
			files = (
			);
			runOnlyForDeploymentPostprocessing = 0;
		};
		06A3BB961F7A38CD000A7834 /* Resources */ = {
			isa = PBXResourcesBuildPhase;
			buildActionMask = 2147483647;
			files = (
			);
			runOnlyForDeploymentPostprocessing = 0;
		};
		06A3BBAA1F7A3914000A7834 /* Resources */ = {
			isa = PBXResourcesBuildPhase;
			buildActionMask = 2147483647;
			files = (
				06A3BBB21F7A3914000A7834 /* Assets.xcassets in Resources */,
				06A3BBB01F7A3914000A7834 /* Interface.storyboard in Resources */,
			);
			runOnlyForDeploymentPostprocessing = 0;
		};
		06A3BBB61F7A3915000A7834 /* Resources */ = {
			isa = PBXResourcesBuildPhase;
			buildActionMask = 2147483647;
			files = (
				06A3BBC41F7A3915000A7834 /* Assets.xcassets in Resources */,
				06F5FB7F1FC9000400A71AE9 /* test_1114.txt in Resources */,
			);
			runOnlyForDeploymentPostprocessing = 0;
		};
/* End PBXResourcesBuildPhase section */

/* Begin PBXShellScriptBuildPhase section */
		063E53751FE0FF9B001FCA6C /* ShellScript */ = {
			isa = PBXShellScriptBuildPhase;
			buildActionMask = 2147483647;
			files = (
			);
			inputPaths = (
				"$(SRCROOT)/Carthage/Build/iOS/SVProgressHUD.framework",
				"$(SRCROOT)/Carthage/Build/iOS/Charts.framework",
				"$(SRCROOT)/Carthage/Build/iOS/CSV.framework",
				"$(SRCROOT)/Carthage/Build/iOS/Eureka.framework",
				"$(SRCROOT)/Carthage/Build/iOS/Realm.framework",
				"$(SRCROOT)/Carthage/Build/iOS/RealmSwift.framework",
			);
			outputPaths = (
			);
			runOnlyForDeploymentPostprocessing = 0;
			shellPath = /bin/sh;
			shellScript = "/usr/local/bin/carthage copy-frameworks";
		};
		063E53761FE10038001FCA6C /* ShellScript */ = {
			isa = PBXShellScriptBuildPhase;
			buildActionMask = 2147483647;
			files = (
			);
			inputPaths = (
				"$(SRCROOT)/Carthage/Build/watchOS/Realm.framework",
				"$(SRCROOT)/Carthage/Build/watchOS/RealmSwift.framework",
			);
			outputPaths = (
			);
			runOnlyForDeploymentPostprocessing = 0;
			shellPath = /bin/sh;
			shellScript = "/usr/local/bin/carthage copy-frameworks";
		};
/* End PBXShellScriptBuildPhase section */

/* Begin PBXSourcesBuildPhase section */
		06A3BB751F7A38CC000A7834 /* Sources */ = {
			isa = PBXSourcesBuildPhase;
			buildActionMask = 2147483647;
			files = (
				06D4E49B1F91D0C90060876A /* AggregateChartViewController.swift in Sources */,
				06D4E4971F91AE420060876A /* RidingPolyline.swift in Sources */,
				06D241571FB5421100EAFC25 /* UIViewControllerExtension.swift in Sources */,
				0651DCBD2051032C00D52DE5 /* Date+Ext.swift in Sources */,
				06C4EBFF1F7DF93400524216 /* DateUtiles .swift in Sources */,
				0654BFED1F9EEE0100F828A1 /* SessionDetailViewController.swift in Sources */,
				06B44EBE1F888D7D00D2F5CB /* Wave.swift in Sources */,
				06D4E4991F91C50B0060876A /* AggregateSettingViewController.swift in Sources */,
				06307DAB1FA04C92003FDABA /* TitleImageTableViewCell.swift in Sources */,
				06D4E4A21F93344B0060876A /* NumUtils.swift in Sources */,
				068AA3A31F909A1F00B2B568 /* WaveResultView.swift in Sources */,
				06D4E4951F91AC5F0060876A /* MKPolyline+Ext.swift in Sources */,
				06D4FE3C1F8F96EA00D3F33E /* DispatchMain.swift in Sources */,
				06B44EFD1F8B688500D2F5CB /* SessionTableViewController..swift in Sources */,
				06A3BB7F1F7A38CC000A7834 /* ViewController.swift in Sources */,
				068911A91FA0953100C33F97 /* SessionTotalResultView.swift in Sources */,
				0654BFEA1F9E02D800F828A1 /* AlertViewUtils.swift in Sources */,
				06A3BB7D1F7A38CC000A7834 /* AppDelegate.swift in Sources */,
				06B44EBB1F886A2200D2F5CB /* WaveSession.swift in Sources */,
				0651DCBF2051063B00D52DE5 /* ArrayUtils.swift in Sources */,
				066F1A9F1F8D8EA20006C958 /* WaveMapViewController.swift in Sources */,
				06E8E4861F8F08E6002928E4 /* SurfBoardSettingViewController.swift in Sources */,
				063300761FA07D03008FC800 /* TitleImage.swift in Sources */,
				06D2415B1FB55C1E00EAFC25 /* SessionSectionHeaderView.swift in Sources */,
				06D4E49E1F9323C60060876A /* SessionCell.swift in Sources */,
				06C488AA1F949980007C0C45 /* SurfPoint.swift in Sources */,
				066F1A921F8B85FC0006C958 /* Location.swift in Sources */,
				06317EDA1F9AE50200BB96F9 /* SettingViewController.swift in Sources */,
				06E8E4821F8DD65F002928E4 /* SessionEditViewController.swift in Sources */,
				06BB81F11FA568BA00991CEA /* WaveMapView.swift in Sources */,
				06C488AD1F94A4B9007C0C45 /* GeoUtils.swift in Sources */,
				06C488B11F94C789007C0C45 /* SurfPointSettingViewController.swift in Sources */,
				066F1AA31F8DBEFC0006C958 /* SurfBoard.swift in Sources */,
			);
			runOnlyForDeploymentPostprocessing = 0;
		};
		06A3BB891F7A38CD000A7834 /* Sources */ = {
			isa = PBXSourcesBuildPhase;
			buildActionMask = 2147483647;
			files = (
				06A3BB921F7A38CD000A7834 /* SurfingGoTests.swift in Sources */,
			);
			runOnlyForDeploymentPostprocessing = 0;
		};
		06A3BB941F7A38CD000A7834 /* Sources */ = {
			isa = PBXSourcesBuildPhase;
			buildActionMask = 2147483647;
			files = (
				06A3BB9D1F7A38CD000A7834 /* SurfingGoUITests.swift in Sources */,
			);
			runOnlyForDeploymentPostprocessing = 0;
		};
		06A3BBB41F7A3915000A7834 /* Sources */ = {
			isa = PBXSourcesBuildPhase;
			buildActionMask = 2147483647;
			files = (
				06CC6FC01F95BADB00FA66C9 /* SettingInterfaceController.swift in Sources */,
				06C4EC001F7E2D4500524216 /* DateUtiles .swift in Sources */,
				06EAAE251F975B4C00734E48 /* Location.swift in Sources */,
				06CC6FBD1F95B05700FA66C9 /* StopInterfaceController.swift in Sources */,
				06CC6FC21F95BB2300FA66C9 /* RootInterfaceController.swift in Sources */,
				06EAAE1E1F96E81900734E48 /* Settings.swift in Sources */,
				06EAAE231F975B4400734E48 /* WaveSession.swift in Sources */,
				06B5EBA81F7B4F160028289C /* DispatchMain.swift in Sources */,
				06EAAE241F975B4700734E48 /* Wave.swift in Sources */,
				06EAAE201F96FFBC00734E48 /* ResultInterfaceController.swift in Sources */,
				06B5EBA61F7B3DF80028289C /* MapInterfaceController.swift in Sources */,
				06A3BBD71F7A3A03000A7834 /* TimeInterfaceController.swift in Sources */,
				06EAAE221F975B4000734E48 /* SurfBoard.swift in Sources */,
				06A3BBC21F7A3915000A7834 /* NotificationController.swift in Sources */,
				06EAAE211F97061900734E48 /* NumUtils.swift in Sources */,
				06CC6FC81F95F53700FA66C9 /* HealthStoreManager.swift in Sources */,
				06EAAE261F975B4F00734E48 /* SurfPoint.swift in Sources */,
				06CC6FC51F95CA0900FA66C9 /* SessionInterfaceParam.swift in Sources */,
				063300771FA07D03008FC800 /* TitleImage.swift in Sources */,
				06B5EBA41F7B3B2C0028289C /* LocationManager.swift in Sources */,
				06A3BBC01F7A3915000A7834 /* ExtensionDelegate.swift in Sources */,
				0651DCBB204FDDD300D52DE5 /* GeoUtils.swift in Sources */,
				06A3BBBE1F7A3915000A7834 /* InterfaceController.swift in Sources */,
			);
			runOnlyForDeploymentPostprocessing = 0;
		};
/* End PBXSourcesBuildPhase section */

/* Begin PBXTargetDependency section */
		06A3BB8F1F7A38CD000A7834 /* PBXTargetDependency */ = {
			isa = PBXTargetDependency;
			target = 06A3BB781F7A38CC000A7834 /* SurfingGo */;
			targetProxy = 06A3BB8E1F7A38CD000A7834 /* PBXContainerItemProxy */;
		};
		06A3BB9A1F7A38CD000A7834 /* PBXTargetDependency */ = {
			isa = PBXTargetDependency;
			target = 06A3BB781F7A38CC000A7834 /* SurfingGo */;
			targetProxy = 06A3BB991F7A38CD000A7834 /* PBXContainerItemProxy */;
		};
		06A3BBBB1F7A3915000A7834 /* PBXTargetDependency */ = {
			isa = PBXTargetDependency;
			target = 06A3BBB71F7A3915000A7834 /* SurfingGoWatchApp Extension */;
			targetProxy = 06A3BBBA1F7A3915000A7834 /* PBXContainerItemProxy */;
		};
		06A3BBC81F7A3915000A7834 /* PBXTargetDependency */ = {
			isa = PBXTargetDependency;
			target = 06A3BBAB1F7A3914000A7834 /* SurfingGoWatchApp */;
			targetProxy = 06A3BBC71F7A3915000A7834 /* PBXContainerItemProxy */;
		};
/* End PBXTargetDependency section */

/* Begin PBXVariantGroup section */
		06A3BB801F7A38CC000A7834 /* Main.storyboard */ = {
			isa = PBXVariantGroup;
			children = (
				06A3BB811F7A38CC000A7834 /* Base */,
			);
			name = Main.storyboard;
			sourceTree = "<group>";
		};
		06A3BB851F7A38CC000A7834 /* LaunchScreen.storyboard */ = {
			isa = PBXVariantGroup;
			children = (
				06A3BB861F7A38CC000A7834 /* Base */,
			);
			name = LaunchScreen.storyboard;
			sourceTree = "<group>";
		};
		06A3BBAE1F7A3914000A7834 /* Interface.storyboard */ = {
			isa = PBXVariantGroup;
			children = (
				06A3BBAF1F7A3914000A7834 /* Base */,
			);
			name = Interface.storyboard;
			sourceTree = "<group>";
		};
/* End PBXVariantGroup section */

/* Begin XCBuildConfiguration section */
		06A3BB9F1F7A38CD000A7834 /* Debug */ = {
			isa = XCBuildConfiguration;
			buildSettings = {
				ALWAYS_SEARCH_USER_PATHS = NO;
				CLANG_ANALYZER_NONNULL = YES;
				CLANG_ANALYZER_NUMBER_OBJECT_CONVERSION = YES_AGGRESSIVE;
				CLANG_CXX_LANGUAGE_STANDARD = "gnu++14";
				CLANG_CXX_LIBRARY = "libc++";
				CLANG_ENABLE_MODULES = YES;
				CLANG_ENABLE_OBJC_ARC = YES;
				CLANG_WARN_BLOCK_CAPTURE_AUTORELEASING = YES;
				CLANG_WARN_BOOL_CONVERSION = YES;
				CLANG_WARN_COMMA = YES;
				CLANG_WARN_CONSTANT_CONVERSION = YES;
				CLANG_WARN_DIRECT_OBJC_ISA_USAGE = YES_ERROR;
				CLANG_WARN_DOCUMENTATION_COMMENTS = YES;
				CLANG_WARN_EMPTY_BODY = YES;
				CLANG_WARN_ENUM_CONVERSION = YES;
				CLANG_WARN_INFINITE_RECURSION = YES;
				CLANG_WARN_INT_CONVERSION = YES;
				CLANG_WARN_NON_LITERAL_NULL_CONVERSION = YES;
				CLANG_WARN_OBJC_LITERAL_CONVERSION = YES;
				CLANG_WARN_OBJC_ROOT_CLASS = YES_ERROR;
				CLANG_WARN_RANGE_LOOP_ANALYSIS = YES;
				CLANG_WARN_STRICT_PROTOTYPES = YES;
				CLANG_WARN_SUSPICIOUS_MOVE = YES;
				CLANG_WARN_UNGUARDED_AVAILABILITY = YES_AGGRESSIVE;
				CLANG_WARN_UNREACHABLE_CODE = YES;
				CLANG_WARN__DUPLICATE_METHOD_MATCH = YES;
				CODE_SIGN_IDENTITY = "iPhone Developer";
				COPY_PHASE_STRIP = NO;
				DEBUG_INFORMATION_FORMAT = dwarf;
				ENABLE_STRICT_OBJC_MSGSEND = YES;
				ENABLE_TESTABILITY = YES;
				GCC_C_LANGUAGE_STANDARD = gnu11;
				GCC_DYNAMIC_NO_PIC = NO;
				GCC_NO_COMMON_BLOCKS = YES;
				GCC_OPTIMIZATION_LEVEL = 0;
				GCC_PREPROCESSOR_DEFINITIONS = (
					"DEBUG=1",
					"$(inherited)",
				);
				GCC_WARN_64_TO_32_BIT_CONVERSION = YES;
				GCC_WARN_ABOUT_RETURN_TYPE = YES_ERROR;
				GCC_WARN_UNDECLARED_SELECTOR = YES;
				GCC_WARN_UNINITIALIZED_AUTOS = YES_AGGRESSIVE;
				GCC_WARN_UNUSED_FUNCTION = YES;
				GCC_WARN_UNUSED_VARIABLE = YES;
				IPHONEOS_DEPLOYMENT_TARGET = 11.0;
				MTL_ENABLE_DEBUG_INFO = YES;
				ONLY_ACTIVE_ARCH = YES;
				SDKROOT = iphoneos;
				SWIFT_ACTIVE_COMPILATION_CONDITIONS = DEBUG;
				SWIFT_OPTIMIZATION_LEVEL = "-Onone";
			};
			name = Debug;
		};
		06A3BBA01F7A38CD000A7834 /* Release */ = {
			isa = XCBuildConfiguration;
			buildSettings = {
				ALWAYS_SEARCH_USER_PATHS = NO;
				CLANG_ANALYZER_NONNULL = YES;
				CLANG_ANALYZER_NUMBER_OBJECT_CONVERSION = YES_AGGRESSIVE;
				CLANG_CXX_LANGUAGE_STANDARD = "gnu++14";
				CLANG_CXX_LIBRARY = "libc++";
				CLANG_ENABLE_MODULES = YES;
				CLANG_ENABLE_OBJC_ARC = YES;
				CLANG_WARN_BLOCK_CAPTURE_AUTORELEASING = YES;
				CLANG_WARN_BOOL_CONVERSION = YES;
				CLANG_WARN_COMMA = YES;
				CLANG_WARN_CONSTANT_CONVERSION = YES;
				CLANG_WARN_DIRECT_OBJC_ISA_USAGE = YES_ERROR;
				CLANG_WARN_DOCUMENTATION_COMMENTS = YES;
				CLANG_WARN_EMPTY_BODY = YES;
				CLANG_WARN_ENUM_CONVERSION = YES;
				CLANG_WARN_INFINITE_RECURSION = YES;
				CLANG_WARN_INT_CONVERSION = YES;
				CLANG_WARN_NON_LITERAL_NULL_CONVERSION = YES;
				CLANG_WARN_OBJC_LITERAL_CONVERSION = YES;
				CLANG_WARN_OBJC_ROOT_CLASS = YES_ERROR;
				CLANG_WARN_RANGE_LOOP_ANALYSIS = YES;
				CLANG_WARN_STRICT_PROTOTYPES = YES;
				CLANG_WARN_SUSPICIOUS_MOVE = YES;
				CLANG_WARN_UNGUARDED_AVAILABILITY = YES_AGGRESSIVE;
				CLANG_WARN_UNREACHABLE_CODE = YES;
				CLANG_WARN__DUPLICATE_METHOD_MATCH = YES;
				CODE_SIGN_IDENTITY = "iPhone Developer";
				COPY_PHASE_STRIP = NO;
				DEBUG_INFORMATION_FORMAT = "dwarf-with-dsym";
				ENABLE_NS_ASSERTIONS = NO;
				ENABLE_STRICT_OBJC_MSGSEND = YES;
				GCC_C_LANGUAGE_STANDARD = gnu11;
				GCC_NO_COMMON_BLOCKS = YES;
				GCC_WARN_64_TO_32_BIT_CONVERSION = YES;
				GCC_WARN_ABOUT_RETURN_TYPE = YES_ERROR;
				GCC_WARN_UNDECLARED_SELECTOR = YES;
				GCC_WARN_UNINITIALIZED_AUTOS = YES_AGGRESSIVE;
				GCC_WARN_UNUSED_FUNCTION = YES;
				GCC_WARN_UNUSED_VARIABLE = YES;
				IPHONEOS_DEPLOYMENT_TARGET = 11.0;
				MTL_ENABLE_DEBUG_INFO = NO;
				SDKROOT = iphoneos;
				SWIFT_OPTIMIZATION_LEVEL = "-Owholemodule";
				VALIDATE_PRODUCT = YES;
			};
			name = Release;
		};
		06A3BBA21F7A38CD000A7834 /* Debug */ = {
			isa = XCBuildConfiguration;
			buildSettings = {
				ASSETCATALOG_COMPILER_APPICON_NAME = AppIcon;
				CODE_SIGN_ENTITLEMENTS = SurfingGo/SurfingGo.entitlements;
				CODE_SIGN_STYLE = Manual;
				DEVELOPMENT_TEAM = PWBJK4SLE8;
				FRAMEWORK_SEARCH_PATHS = (
					"$(inherited)",
					"$(PROJECT_DIR)/Carthage/Build/iOS",
					"$(PROJECT_DIR)",
				);
				INFOPLIST_FILE = SurfingGo/Info.plist;
				LD_RUNPATH_SEARCH_PATHS = "$(inherited) @executable_path/Frameworks";
				PRODUCT_BUNDLE_IDENTIFIER = jp.co.ikaika.SurfingGo;
				PRODUCT_NAME = "$(TARGET_NAME)";
				PROVISIONING_PROFILE = "4e76a636-427d-4d0a-b1bc-8a1b7731e0a1";
				PROVISIONING_PROFILE_SPECIFIER = "SurfingGo dev profile";
				SWIFT_VERSION = 4.0;
				TARGETED_DEVICE_FAMILY = 1;
			};
			name = Debug;
		};
		06A3BBA31F7A38CD000A7834 /* Release */ = {
			isa = XCBuildConfiguration;
			buildSettings = {
				ASSETCATALOG_COMPILER_APPICON_NAME = AppIcon;
				CODE_SIGN_ENTITLEMENTS = SurfingGo/SurfingGo.entitlements;
				"CODE_SIGN_IDENTITY[sdk=iphoneos*]" = "iPhone Distribution";
				CODE_SIGN_STYLE = Manual;
				DEVELOPMENT_TEAM = PWBJK4SLE8;
				FRAMEWORK_SEARCH_PATHS = (
					"$(inherited)",
					"$(PROJECT_DIR)/Carthage/Build/iOS",
					"$(PROJECT_DIR)",
				);
				INFOPLIST_FILE = SurfingGo/Info.plist;
				LD_RUNPATH_SEARCH_PATHS = "$(inherited) @executable_path/Frameworks";
				PRODUCT_BUNDLE_IDENTIFIER = jp.co.ikaika.SurfingGo;
				PRODUCT_NAME = "$(TARGET_NAME)";
				PROVISIONING_PROFILE = "4e0dae33-84ac-4dd1-9545-bb87e0e0720e";
				PROVISIONING_PROFILE_SPECIFIER = "SurfingGo distribution profile";
				SWIFT_VERSION = 4.0;
				TARGETED_DEVICE_FAMILY = 1;
			};
			name = Release;
		};
		06A3BBA51F7A38CD000A7834 /* Debug */ = {
			isa = XCBuildConfiguration;
			buildSettings = {
				ALWAYS_EMBED_SWIFT_STANDARD_LIBRARIES = YES;
				BUNDLE_LOADER = "$(TEST_HOST)";
				CODE_SIGN_STYLE = Automatic;
				DEVELOPMENT_TEAM = PWBJK4SLE8;
				INFOPLIST_FILE = SurfingGoTests/Info.plist;
				LD_RUNPATH_SEARCH_PATHS = "$(inherited) @executable_path/Frameworks @loader_path/Frameworks";
				PRODUCT_BUNDLE_IDENTIFIER = jp.co.ikaika.SurfingGoTests;
				PRODUCT_NAME = "$(TARGET_NAME)";
				SWIFT_VERSION = 4.0;
				TARGETED_DEVICE_FAMILY = "1,2";
				TEST_HOST = "$(BUILT_PRODUCTS_DIR)/SurfingGo.app/SurfingGo";
			};
			name = Debug;
		};
		06A3BBA61F7A38CD000A7834 /* Release */ = {
			isa = XCBuildConfiguration;
			buildSettings = {
				ALWAYS_EMBED_SWIFT_STANDARD_LIBRARIES = YES;
				BUNDLE_LOADER = "$(TEST_HOST)";
				CODE_SIGN_STYLE = Automatic;
				DEVELOPMENT_TEAM = PWBJK4SLE8;
				INFOPLIST_FILE = SurfingGoTests/Info.plist;
				LD_RUNPATH_SEARCH_PATHS = "$(inherited) @executable_path/Frameworks @loader_path/Frameworks";
				PRODUCT_BUNDLE_IDENTIFIER = jp.co.ikaika.SurfingGoTests;
				PRODUCT_NAME = "$(TARGET_NAME)";
				SWIFT_VERSION = 4.0;
				TARGETED_DEVICE_FAMILY = "1,2";
				TEST_HOST = "$(BUILT_PRODUCTS_DIR)/SurfingGo.app/SurfingGo";
			};
			name = Release;
		};
		06A3BBA81F7A38CD000A7834 /* Debug */ = {
			isa = XCBuildConfiguration;
			buildSettings = {
				ALWAYS_EMBED_SWIFT_STANDARD_LIBRARIES = YES;
				CODE_SIGN_STYLE = Automatic;
				DEVELOPMENT_TEAM = PWBJK4SLE8;
				INFOPLIST_FILE = SurfingGoUITests/Info.plist;
				LD_RUNPATH_SEARCH_PATHS = "$(inherited) @executable_path/Frameworks @loader_path/Frameworks";
				PRODUCT_BUNDLE_IDENTIFIER = jp.co.ikaika.SurfingGoUITests;
				PRODUCT_NAME = "$(TARGET_NAME)";
				SWIFT_VERSION = 4.0;
				TARGETED_DEVICE_FAMILY = "1,2";
				TEST_TARGET_NAME = SurfingGo;
			};
			name = Debug;
		};
		06A3BBA91F7A38CD000A7834 /* Release */ = {
			isa = XCBuildConfiguration;
			buildSettings = {
				ALWAYS_EMBED_SWIFT_STANDARD_LIBRARIES = YES;
				CODE_SIGN_STYLE = Automatic;
				DEVELOPMENT_TEAM = PWBJK4SLE8;
				INFOPLIST_FILE = SurfingGoUITests/Info.plist;
				LD_RUNPATH_SEARCH_PATHS = "$(inherited) @executable_path/Frameworks @loader_path/Frameworks";
				PRODUCT_BUNDLE_IDENTIFIER = jp.co.ikaika.SurfingGoUITests;
				PRODUCT_NAME = "$(TARGET_NAME)";
				SWIFT_VERSION = 4.0;
				TARGETED_DEVICE_FAMILY = "1,2";
				TEST_TARGET_NAME = SurfingGo;
			};
			name = Release;
		};
		06A3BBCB1F7A3915000A7834 /* Debug */ = {
			isa = XCBuildConfiguration;
			buildSettings = {
				ASSETCATALOG_COMPILER_COMPLICATION_NAME = Complication;
				CODE_SIGN_ENTITLEMENTS = "SurfingGoWatchApp Extension/SurfingGoWatchApp Extension.entitlements";
				"CODE_SIGN_IDENTITY[sdk=watchos*]" = "iPhone Developer";
				CODE_SIGN_STYLE = Manual;
				DEVELOPMENT_TEAM = PWBJK4SLE8;
				FRAMEWORK_SEARCH_PATHS = (
					"$(inherited)",
					"$(PROJECT_DIR)/Carthage/Build/watchOS",
				);
				INFOPLIST_FILE = "SurfingGoWatchApp Extension/Info.plist";
				LD_RUNPATH_SEARCH_PATHS = "$(inherited) @executable_path/Frameworks @executable_path/../../Frameworks";
				PRODUCT_BUNDLE_IDENTIFIER = jp.co.ikaika.SurfingGo.watchkitapp.watchkitextension;
				PRODUCT_NAME = "${TARGET_NAME}";
				PROVISIONING_PROFILE = "0c750dcd-ea2d-4a64-9f13-3ef6326502a2";
				PROVISIONING_PROFILE_SPECIFIER = "SurfingGo watchkitApp extension dev profile";
				SDKROOT = watchos;
				SKIP_INSTALL = YES;
				SWIFT_VERSION = 4.0;
				TARGETED_DEVICE_FAMILY = 4;
				WATCHOS_DEPLOYMENT_TARGET = 4.0;
			};
			name = Debug;
		};
		06A3BBCC1F7A3915000A7834 /* Release */ = {
			isa = XCBuildConfiguration;
			buildSettings = {
				ASSETCATALOG_COMPILER_COMPLICATION_NAME = Complication;
				CODE_SIGN_ENTITLEMENTS = "SurfingGoWatchApp Extension/SurfingGoWatchApp Extension.entitlements";
				"CODE_SIGN_IDENTITY[sdk=watchos*]" = "iPhone Distribution";
				CODE_SIGN_STYLE = Manual;
				DEVELOPMENT_TEAM = PWBJK4SLE8;
				FRAMEWORK_SEARCH_PATHS = (
					"$(inherited)",
					"$(PROJECT_DIR)/Carthage/Build/watchOS",
				);
				INFOPLIST_FILE = "SurfingGoWatchApp Extension/Info.plist";
				LD_RUNPATH_SEARCH_PATHS = "$(inherited) @executable_path/Frameworks @executable_path/../../Frameworks";
				PRODUCT_BUNDLE_IDENTIFIER = jp.co.ikaika.SurfingGo.watchkitapp.watchkitextension;
				PRODUCT_NAME = "${TARGET_NAME}";
				PROVISIONING_PROFILE = "b24e4979-4435-420a-a364-c3d7fdbc2e5b";
				PROVISIONING_PROFILE_SPECIFIER = "SurfingGo watchkitApp extension distribute profile";
				SDKROOT = watchos;
				SKIP_INSTALL = YES;
				SWIFT_VERSION = 4.0;
				TARGETED_DEVICE_FAMILY = 4;
				WATCHOS_DEPLOYMENT_TARGET = 4.0;
			};
			name = Release;
		};
		06A3BBCF1F7A3915000A7834 /* Debug */ = {
			isa = XCBuildConfiguration;
			buildSettings = {
				ALWAYS_EMBED_SWIFT_STANDARD_LIBRARIES = YES;
				ASSETCATALOG_COMPILER_APPICON_NAME = AppIcon;
				"CODE_SIGN_IDENTITY[sdk=watchos*]" = "iPhone Developer";
				CODE_SIGN_STYLE = Manual;
				DEVELOPMENT_TEAM = PWBJK4SLE8;
				FRAMEWORK_SEARCH_PATHS = (
					"$(inherited)",
					"$(PROJECT_DIR)/Carthage/Build/watchOS",
				);
				IBSC_MODULE = SurfingGoWatchApp_Extension;
				INFOPLIST_FILE = SurfingGoWatchApp/Info.plist;
				PRODUCT_BUNDLE_IDENTIFIER = jp.co.ikaika.SurfingGo.watchkitapp;
				PRODUCT_NAME = "$(TARGET_NAME)";
				PROVISIONING_PROFILE = "4aa26a35-476a-48be-a2d2-b0dadc351480";
				PROVISIONING_PROFILE_SPECIFIER = "ikaika apps for development";
				SDKROOT = watchos;
				SKIP_INSTALL = YES;
				SWIFT_VERSION = 4.0;
				TARGETED_DEVICE_FAMILY = 4;
				WATCHOS_DEPLOYMENT_TARGET = 4.0;
			};
			name = Debug;
		};
		06A3BBD01F7A3915000A7834 /* Release */ = {
			isa = XCBuildConfiguration;
			buildSettings = {
				ALWAYS_EMBED_SWIFT_STANDARD_LIBRARIES = YES;
				ASSETCATALOG_COMPILER_APPICON_NAME = AppIcon;
				"CODE_SIGN_IDENTITY[sdk=watchos*]" = "iPhone Distribution";
				CODE_SIGN_STYLE = Manual;
				DEVELOPMENT_TEAM = PWBJK4SLE8;
				FRAMEWORK_SEARCH_PATHS = (
					"$(inherited)",
					"$(PROJECT_DIR)/Carthage/Build/watchOS",
				);
				IBSC_MODULE = SurfingGoWatchApp_Extension;
				INFOPLIST_FILE = SurfingGoWatchApp/Info.plist;
				PRODUCT_BUNDLE_IDENTIFIER = jp.co.ikaika.SurfingGo.watchkitapp;
				PRODUCT_NAME = "$(TARGET_NAME)";
				PROVISIONING_PROFILE = "5ed772f0-b68a-4722-ae63-9f553c3d7363";
				PROVISIONING_PROFILE_SPECIFIER = "IKaIKa AppStore Profile";
				SDKROOT = watchos;
				SKIP_INSTALL = YES;
				SWIFT_VERSION = 4.0;
				TARGETED_DEVICE_FAMILY = 4;
				WATCHOS_DEPLOYMENT_TARGET = 4.0;
			};
			name = Release;
		};
/* End XCBuildConfiguration section */

/* Begin XCConfigurationList section */
		06A3BB741F7A38CC000A7834 /* Build configuration list for PBXProject "SurfingGo" */ = {
			isa = XCConfigurationList;
			buildConfigurations = (
				06A3BB9F1F7A38CD000A7834 /* Debug */,
				06A3BBA01F7A38CD000A7834 /* Release */,
			);
			defaultConfigurationIsVisible = 0;
			defaultConfigurationName = Release;
		};
		06A3BBA11F7A38CD000A7834 /* Build configuration list for PBXNativeTarget "SurfingGo" */ = {
			isa = XCConfigurationList;
			buildConfigurations = (
				06A3BBA21F7A38CD000A7834 /* Debug */,
				06A3BBA31F7A38CD000A7834 /* Release */,
			);
			defaultConfigurationIsVisible = 0;
			defaultConfigurationName = Release;
		};
		06A3BBA41F7A38CD000A7834 /* Build configuration list for PBXNativeTarget "SurfingGoTests" */ = {
			isa = XCConfigurationList;
			buildConfigurations = (
				06A3BBA51F7A38CD000A7834 /* Debug */,
				06A3BBA61F7A38CD000A7834 /* Release */,
			);
			defaultConfigurationIsVisible = 0;
			defaultConfigurationName = Release;
		};
		06A3BBA71F7A38CD000A7834 /* Build configuration list for PBXNativeTarget "SurfingGoUITests" */ = {
			isa = XCConfigurationList;
			buildConfigurations = (
				06A3BBA81F7A38CD000A7834 /* Debug */,
				06A3BBA91F7A38CD000A7834 /* Release */,
			);
			defaultConfigurationIsVisible = 0;
			defaultConfigurationName = Release;
		};
		06A3BBCA1F7A3915000A7834 /* Build configuration list for PBXNativeTarget "SurfingGoWatchApp Extension" */ = {
			isa = XCConfigurationList;
			buildConfigurations = (
				06A3BBCB1F7A3915000A7834 /* Debug */,
				06A3BBCC1F7A3915000A7834 /* Release */,
			);
			defaultConfigurationIsVisible = 0;
			defaultConfigurationName = Release;
		};
		06A3BBCE1F7A3915000A7834 /* Build configuration list for PBXNativeTarget "SurfingGoWatchApp" */ = {
			isa = XCConfigurationList;
			buildConfigurations = (
				06A3BBCF1F7A3915000A7834 /* Debug */,
				06A3BBD01F7A3915000A7834 /* Release */,
			);
			defaultConfigurationIsVisible = 0;
			defaultConfigurationName = Release;
		};
/* End XCConfigurationList section */
	};
	rootObject = 06A3BB711F7A38CC000A7834 /* Project object */;
}
